
Microsoft Visual Studio Solution File, Format Version 12.00
# Visual Studio Version 17
VisualStudioVersion = 17.7.34031.279
MinimumVisualStudioVersion = 10.0.40219.1
Project("{9A19103F-16F7-4668-BE54-9A1E7A4F7556}") = "MyfirstApi.Core", "MyfirstApi.Core\MyfirstApi.Core.csproj", "{EC4BB52A-9FEE-49BB-8AB9-56698A418B96}"
EndProject
Project("{9A19103F-16F7-4668-BE54-9A1E7A4F7556}") = "MyFirstApi.Data", "MyFirstApi.Data\MyFirstApi.Data.csproj", "{BD84CC65-0B18-4190-BEB7-175ADA5A7F4B}"
EndProject
Project("{9A19103F-16F7-4668-BE54-9A1E7A4F7556}") = "MyFirstApi.Models", "MyFirstApi.Models\MyFirstApi.Models.csproj", "{A6FBAF9D-AF50-472C-A43B-262CFC15FE97}"
EndProject
Project("{FAE04EC0-301F-11D3-BF4B-00C04F79EFBC}") = "MyFirstApi.App", "MyFirst.API\MyFirstApi.App.csproj", "{7807B5B9-FE4C-4404-9A2E-B7E9D2979F03}"
EndProject
Global
	GlobalSection(SolutionConfigurationPlatforms) = preSolution
		Debug|Any CPU = Debug|Any CPU
		Release|Any CPU = Release|Any CPU
	EndGlobalSection
	GlobalSection(ProjectConfigurationPlatforms) = postSolution
		{EC4BB52A-9FEE-49BB-8AB9-56698A418B96}.Debug|Any CPU.ActiveCfg = Debug|Any CPU
		{EC4BB52A-9FEE-49BB-8AB9-56698A418B96}.Debug|Any CPU.Build.0 = Debug|Any CPU
		{EC4BB52A-9FEE-49BB-8AB9-56698A418B96}.Release|Any CPU.ActiveCfg = Release|Any CPU
		{EC4BB52A-9FEE-49BB-8AB9-56698A418B96}.Release|Any CPU.Build.0 = Release|Any CPU
		{BD84CC65-0B18-4190-BEB7-175ADA5A7F4B}.Debug|Any CPU.ActiveCfg = Debug|Any CPU
		{BD84CC65-0B18-4190-BEB7-175ADA5A7F4B}.Debug|Any CPU.Build.0 = Debug|Any CPU
		{BD84CC65-0B18-4190-BEB7-175ADA5A7F4B}.Release|Any CPU.ActiveCfg = Release|Any CPU
		{BD84CC65-0B18-4190-BEB7-175ADA5A7F4B}.Release|Any CPU.Build.0 = Release|Any CPU
		{A6FBAF9D-AF50-472C-A43B-262CFC15FE97}.Debug|Any CPU.ActiveCfg = Debug|Any CPU
		{A6FBAF9D-AF50-472C-A43B-262CFC15FE97}.Debug|Any CPU.Build.0 = Debug|Any CPU
		{A6FBAF9D-AF50-472C-A43B-262CFC15FE97}.Release|Any CPU.ActiveCfg = Release|Any CPU
		{A6FBAF9D-AF50-472C-A43B-262CFC15FE97}.Release|Any CPU.Build.0 = Release|Any CPU
		{7807B5B9-FE4C-4404-9A2E-B7E9D2979F03}.Debug|Any CPU.ActiveCfg = Debug|Any CPU
		{7807B5B9-FE4C-4404-9A2E-B7E9D2979F03}.Debug|Any CPU.Build.0 = Debug|Any CPU
		{7807B5B9-FE4C-4404-9A2E-B7E9D2979F03}.Release|Any CPU.ActiveCfg = Release|Any CPU
		{7807B5B9-FE4C-4404-9A2E-B7E9D2979F03}.Release|Any CPU.Build.0 = Release|Any CPU
	EndGlobalSection
	GlobalSection(SolutionProperties) = preSolution
		HideSolutionNode = FALSE
	EndGlobalSection
	GlobalSection(ExtensibilityGlobals) = postSolution
		SolutionGuid = {0D745C36-B6C1-4387-B095-B84C477E4EFE}
	EndGlobalSection
EndGlobal
